
Microsoft Visual Studio Solution File, Format Version 12.00
# Visual Studio 15
Project("{FAE04EC0-301F-11D3-BF4B-00C04F79EFBC}") = "Assembly-CSharp", "Assembly-CSharp.csproj", "{6E0E6B61-9B30-3E4D-1FA2-153F9B5B47B7}"
EndProject
Global
	GlobalSection(SolutionConfigurationPlatforms) = preSolution
		Debug|Any CPU = Debug|Any CPU
		Release|Any CPU = Release|Any CPU
	EndGlobalSection
	GlobalSection(ProjectConfigurationPlatforms) = postSolution
		{6E0E6B61-9B30-3E4D-1FA2-153F9B5B47B7}.Debug|Any CPU.ActiveCfg = Debug|Any CPU
		{6E0E6B61-9B30-3E4D-1FA2-153F9B5B47B7}.Debug|Any CPU.Build.0 = Debug|Any CPU
		{6E0E6B61-9B30-3E4D-1FA2-153F9B5B47B7}.Release|Any CPU.ActiveCfg = Release|Any CPU
		{6E0E6B61-9B30-3E4D-1FA2-153F9B5B47B7}.Release|Any CPU.Build.0 = Release|Any CPU
	EndGlobalSection
	GlobalSection(SolutionProperties) = preSolution
		HideSolutionNode = FALSE
	EndGlobalSection
EndGlobal
